
Microsoft Visual Studio Solution File, Format Version 12.00
# Visual Studio Version 17
VisualStudioVersion = 17.7.34018.315
MinimumVisualStudioVersion = 10.0.40219.1
Project("{8BC9CEB8-8B4A-11D0-8D11-00A0C91BC942}") = "Lab 4f Map of Students", "Lab 4f Map of Students\Lab 4f Map of Students.vcxproj", "{E083002F-CF1F-4A55-8713-D6E1100170BB}"
EndProject
Global
	GlobalSection(SolutionConfigurationPlatforms) = preSolution
		Debug|x64 = Debug|x64
		Debug|x86 = Debug|x86
		Release|x64 = Release|x64
		Release|x86 = Release|x86
	EndGlobalSection
	GlobalSection(ProjectConfigurationPlatforms) = postSolution
		{E083002F-CF1F-4A55-8713-D6E1100170BB}.Debug|x64.ActiveCfg = Debug|x64
		{E083002F-CF1F-4A55-8713-D6E1100170BB}.Debug|x64.Build.0 = Debug|x64
		{E083002F-CF1F-4A55-8713-D6E1100170BB}.Debug|x86.ActiveCfg = Debug|Win32
		{E083002F-CF1F-4A55-8713-D6E1100170BB}.Debug|x86.Build.0 = Debug|Win32
		{E083002F-CF1F-4A55-8713-D6E1100170BB}.Release|x64.ActiveCfg = Release|x64
		{E083002F-CF1F-4A55-8713-D6E1100170BB}.Release|x64.Build.0 = Release|x64
		{E083002F-CF1F-4A55-8713-D6E1100170BB}.Release|x86.ActiveCfg = Release|Win32
		{E083002F-CF1F-4A55-8713-D6E1100170BB}.Release|x86.Build.0 = Release|Win32
	EndGlobalSection
	GlobalSection(SolutionProperties) = preSolution
		HideSolutionNode = FALSE
	EndGlobalSection
	GlobalSection(ExtensibilityGlobals) = postSolution
		SolutionGuid = {C339D127-DBBE-4D83-AC3D-E852DA577669}
	EndGlobalSection
EndGlobal
