
Microsoft Visual Studio Solution File, Format Version 12.00
# Visual Studio Version 17
VisualStudioVersion = 17.7.34018.315
MinimumVisualStudioVersion = 10.0.40219.1
Project("{8BC9CEB8-8B4A-11D0-8D11-00A0C91BC942}") = "Class Notes 8A Exporting Files", "Class Notes 8A Exporting Files\Class Notes 8A Exporting Files.vcxproj", "{95697792-697B-4B7D-A283-BEE527BFA710}"
EndProject
Global
	GlobalSection(SolutionConfigurationPlatforms) = preSolution
		Debug|x64 = Debug|x64
		Debug|x86 = Debug|x86
		Release|x64 = Release|x64
		Release|x86 = Release|x86
	EndGlobalSection
	GlobalSection(ProjectConfigurationPlatforms) = postSolution
		{95697792-697B-4B7D-A283-BEE527BFA710}.Debug|x64.ActiveCfg = Debug|x64
		{95697792-697B-4B7D-A283-BEE527BFA710}.Debug|x64.Build.0 = Debug|x64
		{95697792-697B-4B7D-A283-BEE527BFA710}.Debug|x86.ActiveCfg = Debug|Win32
		{95697792-697B-4B7D-A283-BEE527BFA710}.Debug|x86.Build.0 = Debug|Win32
		{95697792-697B-4B7D-A283-BEE527BFA710}.Release|x64.ActiveCfg = Release|x64
		{95697792-697B-4B7D-A283-BEE527BFA710}.Release|x64.Build.0 = Release|x64
		{95697792-697B-4B7D-A283-BEE527BFA710}.Release|x86.ActiveCfg = Release|Win32
		{95697792-697B-4B7D-A283-BEE527BFA710}.Release|x86.Build.0 = Release|Win32
	EndGlobalSection
	GlobalSection(SolutionProperties) = preSolution
		HideSolutionNode = FALSE
	EndGlobalSection
	GlobalSection(ExtensibilityGlobals) = postSolution
		SolutionGuid = {96BFD146-1247-4A0F-A29D-E8BB382CD341}
	EndGlobalSection
EndGlobal
